<?xml version="1.0" encoding="utf-8"?>
<Project ToolsVersion="4.0" xmlns="http://schemas.microsoft.com/developer/msbuild/2003">
  <ItemGroup>
    <Filter Include="Source Files">
      <UniqueIdentifier>{8e5d91c7-edc0-4d92-b733-aeffca5af850}</UniqueIdentifier>
    </Filter>
    <Filter Include="Header Files">
      <UniqueIdentifier>{93995380-89BD-4b04-88EB-625FBE52EBFB}</UniqueIdentifier>
      <Extensions>h;hpp;hxx;hm;inl;inc;xsd</Extensions>
    </Filter>
    <Filter Include="Header Files\system">
      <UniqueIdentifier>{25f2e7e8-ee34-48d0-b575-ea265b4fb5bc}</UniqueIdentifier>
    </Filter>
    <Filter Include="Source Files\system">
      <UniqueIdentifier>{7549d886-8d19-4c0d-aefb-fd4011a475ad}</UniqueIdentifier>
    </Filter>
    <Filter Include="Header Files\opengl">
      <UniqueIdentifier>{dc726e79-2657-468a-8221-4f3bfb52b999}</UniqueIdentifier>
    </Filter>
    <Filter Include="Header Files\opengl\AppCore">
      <UniqueIdentifier>{44f3acea-a75b-4672-b700-750801e2eff2}</UniqueIdentifier>
    </Filter>
    <Filter Include="Header Files\opengl\Common">
      <UniqueIdentifier>{6280df76-1500-4066-ac35-044ac6ac24f5}</UniqueIdentifier>
    </Filter>
    <Filter Include="Source Files\opengl">
      <UniqueIdentifier>{43100a6f-894a-4b7e-af32-dba941a5f6a7}</UniqueIdentifier>
    </Filter>
    <Filter Include="Source Files\opengl\AppCore">
      <UniqueIdentifier>{a9ac9b84-eb79-461b-8d3a-ab1a78de1c33}</UniqueIdentifier>
    </Filter>
    <Filter Include="Source Files\opengl\Core">
      <UniqueIdentifier>{c49eb9e3-8e3f-4b37-bea4-38d0ee69176a}</UniqueIdentifier>
    </Filter>
    <Filter Include="Header Files\opengl\Core">
      <UniqueIdentifier>{933c9ece-7e6a-409a-82f4-3f688904c9d1}</UniqueIdentifier>
    </Filter>
    <Filter Include="Header Files\opengl\OpenGL">
      <UniqueIdentifier>{80a41370-7545-42d1-8a7f-6e4739d78b20}</UniqueIdentifier>
    </Filter>
    <Filter Include="Source Files\opengl\OpenGL">
      <UniqueIdentifier>{3cf30db7-b139-46a8-a065-a5a8ec564c37}</UniqueIdentifier>
    </Filter>
    <Filter Include="Header Files\opengl\Renderer">
      <UniqueIdentifier>{d7a33955-38fc-47c3-a4f5-09db8eb14a25}</UniqueIdentifier>
    </Filter>
    <Filter Include="Header Files\opengl\Renderer\Types">
      <UniqueIdentifier>{12eda3d0-45f0-496d-b915-89855deb5a7f}</UniqueIdentifier>
    </Filter>
    <Filter Include="Source Files\opengl\Renderer">
      <UniqueIdentifier>{592f39af-e817-47b3-9d76-225d6ac4a85e}</UniqueIdentifier>
    </Filter>
    <Filter Include="Source Files\opengl\Renderer\Types">
      <UniqueIdentifier>{f3f0b8d9-332f-4dc3-b4e0-a2d66620dec1}</UniqueIdentifier>
    </Filter>
    <Filter Include="Source Files\opengl\Shader">
      <UniqueIdentifier>{cad7774d-83ce-48ba-b8b9-b00bd68b4c47}</UniqueIdentifier>
    </Filter>
    <Filter Include="Header Files\opengl\Shader">
      <UniqueIdentifier>{6836e5f3-bbb3-428c-b696-44e684834ee3}</UniqueIdentifier>
    </Filter>
    <Filter Include="Header Files\opengl\Utils">
      <UniqueIdentifier>{9253bcd6-0385-427e-ad05-efad48fd8640}</UniqueIdentifier>
    </Filter>
  </ItemGroup>
  <ItemGroup>
    <ClCompile Include="framework.cpp">
      <Filter>Source Files</Filter>
    </ClCompile>
    <ClCompile Include="_.cpp">
      <Filter>Source Files</Filter>
    </ClCompile>
    <ClCompile Include="buffer.cpp">
      <Filter>Source Files</Filter>
    </ClCompile>
    <ClCompile Include="descriptors.cpp">
      <Filter>Source Files</Filter>
    </ClCompile>
    <ClCompile Include="context.cpp">
      <Filter>Source Files</Filter>
    </ClCompile>
    <ClCompile Include="engine.cpp">
      <Filter>Source Files</Filter>
    </ClCompile>
    <ClCompile Include="initializers.cpp">
      <Filter>Source Files</Filter>
    </ClCompile>
    <ClCompile Include="input.cpp">
      <Filter>Source Files</Filter>
    </ClCompile>
    <ClCompile Include="model.cpp">
      <Filter>Source Files</Filter>
    </ClCompile>
    <ClCompile Include="pipeline.cpp">
      <Filter>Source Files</Filter>
    </ClCompile>
    <ClCompile Include="renderer.cpp">
      <Filter>Source Files</Filter>
    </ClCompile>
    <ClCompile Include="window.cpp">
      <Filter>Source Files</Filter>
    </ClCompile>
    <ClCompile Include="tools.cpp">
      <Filter>Source Files</Filter>
    </ClCompile>
    <ClCompile Include="scene_object.cpp">
      <Filter>Source Files</Filter>
    </ClCompile>
    <ClCompile Include="system\basic_render_system.cpp">
      <Filter>Source Files\system</Filter>
    </ClCompile>
    <ClCompile Include="system\point_light_system.cpp">
      <Filter>Source Files\system</Filter>
    </ClCompile>
    <ClCompile Include="_factory.cpp">
      <Filter>Source Files</Filter>
    </ClCompile>
    <ClCompile Include="opengl\AppCore\Application.cpp">
      <Filter>Source Files\opengl\AppCore</Filter>
    </ClCompile>
    <ClCompile Include="opengl\AppCore\Player.cpp">
      <Filter>Source Files\opengl\AppCore</Filter>
    </ClCompile>
    <ClCompile Include="opengl\AppCore\Scene.cpp">
      <Filter>Source Files\opengl\AppCore</Filter>
    </ClCompile>
    <ClCompile Include="opengl\Core\Camera.cpp">
      <Filter>Source Files\opengl\Core</Filter>
    </ClCompile>
    <ClCompile Include="opengl\Core\gl_container.cpp">
      <Filter>Source Files\opengl\Core</Filter>
    </ClCompile>
    <ClCompile Include="opengl\Core\Input.cpp">
      <Filter>Source Files\opengl\Core</Filter>
    </ClCompile>
    <ClCompile Include="opengl\Core\ResourceManager.cpp">
      <Filter>Source Files\opengl\Core</Filter>
    </ClCompile>
    <ClCompile Include="opengl\Core\Window.cpp">
      <Filter>Source Files\opengl\Core</Filter>
    </ClCompile>
    <ClCompile Include="opengl\OpenGL\application.cpp">
      <Filter>Source Files\opengl\OpenGL</Filter>
    </ClCompile>
    <ClCompile Include="opengl\OpenGL\engine.cpp">
      <Filter>Source Files\opengl\OpenGL</Filter>
    </ClCompile>
    <ClCompile Include="opengl\Renderer\RenderData.cpp">
      <Filter>Source Files\opengl\Renderer</Filter>
    </ClCompile>
    <ClCompile Include="opengl\Renderer\Renderer.cpp">
      <Filter>Source Files\opengl\Renderer</Filter>
    </ClCompile>
    <ClCompile Include="opengl\Renderer\Types\CubeMap.cpp">
      <Filter>Source Files\opengl\Renderer\Types</Filter>
    </ClCompile>
    <ClCompile Include="opengl\Renderer\Types\Mesh.cpp">
      <Filter>Source Files\opengl\Renderer\Types</Filter>
    </ClCompile>
    <ClCompile Include="opengl\Renderer\Types\Model.cpp">
      <Filter>Source Files\opengl\Renderer\Types</Filter>
    </ClCompile>
    <ClCompile Include="opengl\Renderer\Types\Texture.cpp">
      <Filter>Source Files\opengl\Renderer\Types</Filter>
    </ClCompile>
    <ClCompile Include="opengl\Shader\Shader.cpp">
      <Filter>Source Files\opengl\Shader</Filter>
    </ClCompile>
  </ItemGroup>
  <ItemGroup>
    <ClInclude Include="framework.h">
      <Filter>Header Files</Filter>
    </ClInclude>
    <ClInclude Include="_.h">
      <Filter>Header Files</Filter>
    </ClInclude>
    <ClInclude Include="_opengl.h">
      <Filter>Header Files</Filter>
    </ClInclude>
    <ClInclude Include="aaa_vkc_types.h">
      <Filter>Header Files</Filter>
    </ClInclude>
    <ClInclude Include="aaa_window.h">
      <Filter>Header Files</Filter>
    </ClInclude>
    <ClInclude Include="buffer.h">
      <Filter>Header Files</Filter>
    </ClInclude>
    <ClInclude Include="descriptors.h">
      <Filter>Header Files</Filter>
    </ClInclude>
    <ClInclude Include="context.h">
      <Filter>Header Files</Filter>
    </ClInclude>
    <ClInclude Include="frame_info.h">
      <Filter>Header Files</Filter>
    </ClInclude>
    <ClInclude Include="engine.h">
      <Filter>Header Files</Filter>
    </ClInclude>
    <ClInclude Include="initializers.h">
      <Filter>Header Files</Filter>
    </ClInclude>
    <ClInclude Include="input.h">
      <Filter>Header Files</Filter>
    </ClInclude>
    <ClInclude Include="model.h">
      <Filter>Header Files</Filter>
    </ClInclude>
    <ClInclude Include="pipeline.h">
      <Filter>Header Files</Filter>
    </ClInclude>
    <ClInclude Include="renderer.h">
      <Filter>Header Files</Filter>
    </ClInclude>
    <ClInclude Include="types.h">
      <Filter>Header Files</Filter>
    </ClInclude>
    <ClInclude Include="utilities.h">
      <Filter>Header Files</Filter>
    </ClInclude>
    <ClInclude Include="tools.h">
      <Filter>Header Files</Filter>
    </ClInclude>
    <ClInclude Include="scene_object.h">
      <Filter>Header Files</Filter>
    </ClInclude>
    <ClInclude Include="system\basic_render_system.h">
      <Filter>Header Files\system</Filter>
    </ClInclude>
    <ClInclude Include="system\point_light_system.h">
      <Filter>Header Files\system</Filter>
    </ClInclude>
    <ClInclude Include="opengl\Common\_constant.h">
      <Filter>Header Files\opengl\Common</Filter>
    </ClInclude>
    <ClInclude Include="opengl\Common\Defines.h">
      <Filter>Header Files\opengl\Common</Filter>
    </ClInclude>
    <ClInclude Include="opengl\Common\Types.h">
      <Filter>Header Files\opengl\Common</Filter>
    </ClInclude>
    <ClInclude Include="opengl\AppCore\Scene.h">
      <Filter>Header Files\opengl\AppCore</Filter>
    </ClInclude>
    <ClInclude Include="opengl\AppCore\Player.h">
      <Filter>Header Files\opengl\AppCore</Filter>
    </ClInclude>
    <ClInclude Include="opengl\AppCore\Application.h">
      <Filter>Header Files\opengl\AppCore</Filter>
    </ClInclude>
    <ClInclude Include="opengl\Core\Window.h">
      <Filter>Header Files\opengl\Core</Filter>
    </ClInclude>
    <ClInclude Include="opengl\Core\ResourceManager.h">
      <Filter>Header Files\opengl\Core</Filter>
    </ClInclude>
    <ClInclude Include="opengl\Core\Input.h">
      <Filter>Header Files\opengl\Core</Filter>
    </ClInclude>
    <ClInclude Include="opengl\Core\gl_container.h">
      <Filter>Header Files\opengl\Core</Filter>
    </ClInclude>
    <ClInclude Include="opengl\Core\FileSystem.h">
      <Filter>Header Files\opengl\Core</Filter>
    </ClInclude>
    <ClInclude Include="opengl\Core\Camera.h">
      <Filter>Header Files\opengl\Core</Filter>
    </ClInclude>
    <ClInclude Include="opengl\OpenGL\GLRenderer.h">
      <Filter>Header Files\opengl\OpenGL</Filter>
    </ClInclude>
    <ClInclude Include="opengl\OpenGL\GLError.h">
      <Filter>Header Files\opengl\OpenGL</Filter>
    </ClInclude>
    <ClInclude Include="opengl\OpenGL\engine.h">
      <Filter>Header Files\opengl\OpenGL</Filter>
    </ClInclude>
    <ClInclude Include="opengl\OpenGL\application.h">
      <Filter>Header Files\opengl\OpenGL</Filter>
    </ClInclude>
    <ClInclude Include="opengl\Renderer\Renderer.h">
      <Filter>Header Files\opengl\Renderer</Filter>
    </ClInclude>
    <ClInclude Include="opengl\Renderer\RenderData.h">
      <Filter>Header Files\opengl\Renderer</Filter>
    </ClInclude>
    <ClInclude Include="opengl\Renderer\Types\Texture.h">
      <Filter>Header Files\opengl\Renderer\Types</Filter>
    </ClInclude>
    <ClInclude Include="opengl\Renderer\Types\Shapes.h">
      <Filter>Header Files\opengl\Renderer\Types</Filter>
    </ClInclude>
    <ClInclude Include="opengl\Renderer\Types\ModelMesh.h">
      <Filter>Header Files\opengl\Renderer\Types</Filter>
    </ClInclude>
    <ClInclude Include="opengl\Renderer\Types\Model.h">
      <Filter>Header Files\opengl\Renderer\Types</Filter>
    </ClInclude>
    <ClInclude Include="opengl\Renderer\Types\Mesh.h">
      <Filter>Header Files\opengl\Renderer\Types</Filter>
    </ClInclude>
    <ClInclude Include="opengl\Renderer\Types\CubeMap.h">
      <Filter>Header Files\opengl\Renderer\Types</Filter>
    </ClInclude>
    <ClInclude Include="opengl\Renderer\Types\aaa_Gizmo.h">
      <Filter>Header Files\opengl\Renderer\Types</Filter>
    </ClInclude>
    <ClInclude Include="opengl\Renderer\Types\aaa_filesystem.h">
      <Filter>Header Files\opengl\Renderer\Types</Filter>
    </ClInclude>
    <ClInclude Include="opengl\Shader\Shader.h">
      <Filter>Header Files\opengl\Shader</Filter>
    </ClInclude>
    <ClInclude Include="opengl\Shader\ModelShader.h">
      <Filter>Header Files\opengl\Shader</Filter>
    </ClInclude>
    <ClInclude Include="opengl\Utils\Transform.h">
      <Filter>Header Files\opengl\Utils</Filter>
    </ClInclude>
  </ItemGroup>
</Project>